
Microsoft Visual Studio Solution File, Format Version 12.00
# Visual Studio 15
Project("{FAE04EC0-301F-11D3-BF4B-00C04F79EFBC}") = "Meta.WitAi.Conduit", "Meta.WitAi.Conduit.csproj", "{994480EE-58A9-A374-89CF-195DB4382642}"
EndProject
Project("{FAE04EC0-301F-11D3-BF4B-00C04F79EFBC}") = "Oculus.VR", "Oculus.VR.csproj", "{7F9BC30A-15E3-5F7F-5AD6-F642D095EFD0}"
EndProject
Project("{FAE04EC0-301F-11D3-BF4B-00C04F79EFBC}") = "Oculus.Interaction", "Oculus.Interaction.csproj", "{87365DEC-11C2-C917-D8F8-4497326F0C6C}"
EndProject
Project("{FAE04EC0-301F-11D3-BF4B-00C04F79EFBC}") = "Oculus.Interaction.Editor", "Oculus.Interaction.Editor.csproj", "{0BBA41C4-AD4A-42AD-B527-8F008972E086}"
EndProject
Project("{FAE04EC0-301F-11D3-BF4B-00C04F79EFBC}") = "Oculus.Platform", "Oculus.Platform.csproj", "{F8B4649F-9E54-2277-7CDD-D2FC532DB91F}"
EndProject
Project("{FAE04EC0-301F-11D3-BF4B-00C04F79EFBC}") = "VoiceSDK.Telemetry", "VoiceSDK.Telemetry.csproj", "{4061E95B-CEB9-3699-1BCD-5C51DC17ED9E}"
EndProject
Project("{FAE04EC0-301F-11D3-BF4B-00C04F79EFBC}") = "Assembly-CSharp", "Assembly-CSharp.csproj", "{C14F6795-C4B0-B06E-CBF9-237BB786ED8D}"
EndProject
Project("{FAE04EC0-301F-11D3-BF4B-00C04F79EFBC}") = "Oculus.Interaction.OVR.Samples", "Oculus.Interaction.OVR.Samples.csproj", "{FAD13970-EC4B-7A09-0EC9-7BC78A1B7961}"
EndProject
Project("{FAE04EC0-301F-11D3-BF4B-00C04F79EFBC}") = "Meta.WitAi.Lib", "Meta.WitAi.Lib.csproj", "{B427C6F1-2B03-AA6A-5DD8-26DC5F937B4F}"
EndProject
Project("{FAE04EC0-301F-11D3-BF4B-00C04F79EFBC}") = "Meta.WitAi.Editor", "Meta.WitAi.Editor.csproj", "{F3899643-F17C-64D9-8382-BA2502118DBF}"
EndProject
Project("{FAE04EC0-301F-11D3-BF4B-00C04F79EFBC}") = "Meta.WitAi.Conduit.Editor", "Meta.WitAi.Conduit.Editor.csproj", "{32456C25-AF95-DC7B-91AF-579A12851F42}"
EndProject
Project("{FAE04EC0-301F-11D3-BF4B-00C04F79EFBC}") = "Meta.WitAi", "Meta.WitAi.csproj", "{3E2F8DAF-B8F2-BF4A-C336-1BE6945E9AF9}"
EndProject
Project("{FAE04EC0-301F-11D3-BF4B-00C04F79EFBC}") = "Oculus.VR.Editor", "Oculus.VR.Editor.csproj", "{DC035766-A610-FDBC-5C7B-752102A5AA5C}"
EndProject
Project("{FAE04EC0-301F-11D3-BF4B-00C04F79EFBC}") = "Oculus.Interaction.OVR.Editor", "Oculus.Interaction.OVR.Editor.csproj", "{D9188C27-838B-01D0-157A-7F3FBA7E4D8D}"
EndProject
Project("{FAE04EC0-301F-11D3-BF4B-00C04F79EFBC}") = "Oculus.LipSync", "Oculus.LipSync.csproj", "{9578B608-7F98-4868-4D01-F18EE90416B7}"
EndProject
Project("{FAE04EC0-301F-11D3-BF4B-00C04F79EFBC}") = "Oculus.Interaction.OVR", "Oculus.Interaction.OVR.csproj", "{E09FCA85-1B45-A96B-444E-F2D691ABB12C}"
EndProject
Project("{FAE04EC0-301F-11D3-BF4B-00C04F79EFBC}") = "VoiceSDK.Editor", "VoiceSDK.Editor.csproj", "{7ED95CAF-F1BE-0E14-D2A8-3889E5CCC8B5}"
EndProject
Project("{FAE04EC0-301F-11D3-BF4B-00C04F79EFBC}") = "Meta.WitAI.Lib.Editor", "Meta.WitAI.Lib.Editor.csproj", "{B303C07C-3518-3FF0-6120-262281FB6F02}"
EndProject
Project("{FAE04EC0-301F-11D3-BF4B-00C04F79EFBC}") = "Oculus.AudioManager", "Oculus.AudioManager.csproj", "{34762E1B-5877-809B-D8F6-FE7B3E104707}"
EndProject
Project("{FAE04EC0-301F-11D3-BF4B-00C04F79EFBC}") = "Meta.Voice.Samples.BuiltInTimer", "Meta.Voice.Samples.BuiltInTimer.csproj", "{50D4B54E-2A55-9402-80BF-F7139EF6FF01}"
EndProject
Project("{FAE04EC0-301F-11D3-BF4B-00C04F79EFBC}") = "Meta.XR.BuildingBlocks.Editor", "Meta.XR.BuildingBlocks.Editor.csproj", "{17A4BFE0-566B-65B5-37EC-81C3D5E1450F}"
EndProject
Project("{FAE04EC0-301F-11D3-BF4B-00C04F79EFBC}") = "Meta.Voice.VSDKHub.Editor", "Meta.Voice.VSDKHub.Editor.csproj", "{A4DC4A12-30F1-A8BB-BCAE-CAA760B72C25}"
EndProject
Project("{FAE04EC0-301F-11D3-BF4B-00C04F79EFBC}") = "VoiceSDK.Dictation.Runtime", "VoiceSDK.Dictation.Runtime.csproj", "{EC55F80C-EA13-9557-7B74-AB42D58D5720}"
EndProject
Project("{FAE04EC0-301F-11D3-BF4B-00C04F79EFBC}") = "Meta.WitAi.TTS", "Meta.WitAi.TTS.csproj", "{CEDD433E-D114-286D-1758-79CDAF3A6A76}"
EndProject
Project("{FAE04EC0-301F-11D3-BF4B-00C04F79EFBC}") = "AssistantCoreSDKRuntime", "AssistantCoreSDKRuntime.csproj", "{FF8393B6-289E-C183-47F7-4961F28418DF}"
EndProject
Project("{FAE04EC0-301F-11D3-BF4B-00C04F79EFBC}") = "Assembly-CSharp-Editor", "Assembly-CSharp-Editor.csproj", "{B0D0A4B3-210C-AE4C-7667-D4673AE60202}"
EndProject
Project("{FAE04EC0-301F-11D3-BF4B-00C04F79EFBC}") = "Meta.Voice.Samples.TTSVoices", "Meta.Voice.Samples.TTSVoices.csproj", "{6C7515FD-8B6A-4517-5457-5A2FCD2F1C7E}"
EndProject
Project("{FAE04EC0-301F-11D3-BF4B-00C04F79EFBC}") = "VoiceSDK.Runtime", "VoiceSDK.Runtime.csproj", "{C309F7AB-5BCD-C424-FC8D-76AF4EF7E540}"
EndProject
Project("{FAE04EC0-301F-11D3-BF4B-00C04F79EFBC}") = "Oculus.VR.Scripts.Editor", "Oculus.VR.Scripts.Editor.csproj", "{AE5ABFA7-6490-3FC6-F8BD-A7243EBD9E94}"
EndProject
Project("{FAE04EC0-301F-11D3-BF4B-00C04F79EFBC}") = "Meta.Voice.Samples.LightTraits", "Meta.Voice.Samples.LightTraits.csproj", "{A7289873-D24E-3C61-1D66-70FBD83884B6}"
EndProject
Project("{FAE04EC0-301F-11D3-BF4B-00C04F79EFBC}") = "Meta.Voice.Hub.Editor", "Meta.Voice.Hub.Editor.csproj", "{9591A4C1-A94D-88EB-682A-2FC0FFB7DC94}"
EndProject
Project("{FAE04EC0-301F-11D3-BF4B-00C04F79EFBC}") = "Oculus.Interaction.Samples.Editor", "Oculus.Interaction.Samples.Editor.csproj", "{A08B8B9D-D10C-B324-2B26-CCC71BC2409C}"
EndProject
Project("{FAE04EC0-301F-11D3-BF4B-00C04F79EFBC}") = "Meta.WitAi.TTS.Editor", "Meta.WitAi.TTS.Editor.csproj", "{44AA80C2-4E59-31AE-453E-DA4BAAF54A72}"
EndProject
Project("{FAE04EC0-301F-11D3-BF4B-00C04F79EFBC}") = "Meta.XR.BuildingBlocks", "Meta.XR.BuildingBlocks.csproj", "{FA33B116-B86A-5D62-EB6A-18DE754E7967}"
EndProject
Project("{FAE04EC0-301F-11D3-BF4B-00C04F79EFBC}") = "Oculus.Platform.Editor", "Oculus.Platform.Editor.csproj", "{68500A58-8F61-EA0B-7F4B-5E78F3ECF244}"
EndProject
Project("{FAE04EC0-301F-11D3-BF4B-00C04F79EFBC}") = "Facebook.Wit.Dictation", "Facebook.Wit.Dictation.csproj", "{2A607C96-D6A2-0B25-554F-33D8C7317013}"
EndProject
Project("{FAE04EC0-301F-11D3-BF4B-00C04F79EFBC}") = "Oculus.Spatializer.Editor", "Oculus.Spatializer.Editor.csproj", "{CAFE17F3-E74B-5BFF-EBB1-7154D42D7A54}"
EndProject
Project("{FAE04EC0-301F-11D3-BF4B-00C04F79EFBC}") = "Oculus.LipSync.Editor", "Oculus.LipSync.Editor.csproj", "{62B246FA-3E5E-7577-72EA-3F6D08570A36}"
EndProject
Project("{FAE04EC0-301F-11D3-BF4B-00C04F79EFBC}") = "Oculus.AudioManager.Utils.Editor", "Oculus.AudioManager.Utils.Editor.csproj", "{3DE915E9-A451-C419-F778-08136A9A9755}"
EndProject
Project("{FAE04EC0-301F-11D3-BF4B-00C04F79EFBC}") = "Meta.VoiceSDK.Mic.Common", "Meta.VoiceSDK.Mic.Common.csproj", "{9872E5A1-38E7-59A0-9074-6CB68D3B9C34}"
EndProject
Project("{FAE04EC0-301F-11D3-BF4B-00C04F79EFBC}") = "Meta.Voice.Samples.ShapesConduit", "Meta.Voice.Samples.ShapesConduit.csproj", "{168389E3-64EC-98D1-302B-E081EF558B8A}"
EndProject
Project("{FAE04EC0-301F-11D3-BF4B-00C04F79EFBC}") = "Oculus.Spatializer", "Oculus.Spatializer.csproj", "{6715BEAC-828C-8E52-9C02-262AC82608C4}"
EndProject
Project("{FAE04EC0-301F-11D3-BF4B-00C04F79EFBC}") = "Meta.VoiceSDK.Mic.Other", "Meta.VoiceSDK.Mic.Other.csproj", "{E40D2618-3349-0750-E1CE-9B46EC145B8A}"
EndProject
Project("{FAE04EC0-301F-11D3-BF4B-00C04F79EFBC}") = "Oculus.Interaction.InterfaceSupport", "Oculus.Interaction.InterfaceSupport.csproj", "{9D87F9F4-9E4E-4160-4074-35F08C0A859D}"
EndProject
Project("{FAE04EC0-301F-11D3-BF4B-00C04F79EFBC}") = "Oculus.AudioManager.Audio.Editor", "Oculus.AudioManager.Audio.Editor.csproj", "{C3A3872D-B90E-7D23-AB53-4C56D807498C}"
EndProject
Project("{FAE04EC0-301F-11D3-BF4B-00C04F79EFBC}") = "Meta.Voice.Samples.LiveUnderstanding", "Meta.Voice.Samples.LiveUnderstanding.csproj", "{D468DD7B-E173-E62A-7360-5E4AD0F13BAF}"
EndProject
Project("{FAE04EC0-301F-11D3-BF4B-00C04F79EFBC}") = "VoiceSDK.Dictation.Editor", "VoiceSDK.Dictation.Editor.csproj", "{880AF247-DB44-73BF-EC59-34B575EA3B4D}"
EndProject
Project("{FAE04EC0-301F-11D3-BF4B-00C04F79EFBC}") = "AssistantCoreSDKEditor", "AssistantCoreSDKEditor.csproj", "{DA963EF1-8D4F-E1D8-B26D-13073AD19EA0}"
EndProject
Project("{FAE04EC0-301F-11D3-BF4B-00C04F79EFBC}") = "Meta.VoiceSDK.Mic.WebGL", "Meta.VoiceSDK.Mic.WebGL.csproj", "{700117CD-FA32-CD66-0C68-6474F7C7F47F}"
EndProject
Project("{FAE04EC0-301F-11D3-BF4B-00C04F79EFBC}") = "Meta.Voice.Hub.Runtime", "Meta.Voice.Hub.Runtime.csproj", "{1F18ADC3-44DB-BFB7-8E1A-B5D115F45FE4}"
EndProject
Project("{FAE04EC0-301F-11D3-BF4B-00C04F79EFBC}") = "Meta.Voice.Samples.Chess", "Meta.Voice.Samples.Chess.csproj", "{7DD53164-1BAC-B360-0EFB-2C3A357E0981}"
EndProject
Project("{FAE04EC0-301F-11D3-BF4B-00C04F79EFBC}") = "Meta.Voice.Samples.Dictation", "Meta.Voice.Samples.Dictation.csproj", "{6B1C53EC-A4CC-D1A4-AE8E-E82F6C7B483B}"
EndProject
Project("{FAE04EC0-301F-11D3-BF4B-00C04F79EFBC}") = "Meta.Voice.Samples.Shapes", "Meta.Voice.Samples.Shapes.csproj", "{8F5B6CA8-6BEF-AA80-3EDD-D740349ED594}"
EndProject
Project("{FAE04EC0-301F-11D3-BF4B-00C04F79EFBC}") = "Facebook.Wit.Dictation.Editor", "Facebook.Wit.Dictation.Editor.csproj", "{2DA20D47-E4E9-C929-A0F6-DF2555411C3D}"
EndProject
Global
	GlobalSection(SolutionConfigurationPlatforms) = preSolution
		Debug|Any CPU = Debug|Any CPU
		Release|Any CPU = Release|Any CPU
	EndGlobalSection
	GlobalSection(ProjectConfigurationPlatforms) = postSolution
		{994480EE-58A9-A374-89CF-195DB4382642}.Debug|Any CPU.ActiveCfg = Debug|Any CPU
		{994480EE-58A9-A374-89CF-195DB4382642}.Debug|Any CPU.Build.0 = Debug|Any CPU
		{994480EE-58A9-A374-89CF-195DB4382642}.Release|Any CPU.ActiveCfg = Release|Any CPU
		{994480EE-58A9-A374-89CF-195DB4382642}.Release|Any CPU.Build.0 = Release|Any CPU
		{7F9BC30A-15E3-5F7F-5AD6-F642D095EFD0}.Debug|Any CPU.ActiveCfg = Debug|Any CPU
		{7F9BC30A-15E3-5F7F-5AD6-F642D095EFD0}.Debug|Any CPU.Build.0 = Debug|Any CPU
		{7F9BC30A-15E3-5F7F-5AD6-F642D095EFD0}.Release|Any CPU.ActiveCfg = Release|Any CPU
		{7F9BC30A-15E3-5F7F-5AD6-F642D095EFD0}.Release|Any CPU.Build.0 = Release|Any CPU
		{87365DEC-11C2-C917-D8F8-4497326F0C6C}.Debug|Any CPU.ActiveCfg = Debug|Any CPU
		{87365DEC-11C2-C917-D8F8-4497326F0C6C}.Debug|Any CPU.Build.0 = Debug|Any CPU
		{87365DEC-11C2-C917-D8F8-4497326F0C6C}.Release|Any CPU.ActiveCfg = Release|Any CPU
		{87365DEC-11C2-C917-D8F8-4497326F0C6C}.Release|Any CPU.Build.0 = Release|Any CPU
		{0BBA41C4-AD4A-42AD-B527-8F008972E086}.Debug|Any CPU.ActiveCfg = Debug|Any CPU
		{0BBA41C4-AD4A-42AD-B527-8F008972E086}.Debug|Any CPU.Build.0 = Debug|Any CPU
		{0BBA41C4-AD4A-42AD-B527-8F008972E086}.Release|Any CPU.ActiveCfg = Release|Any CPU
		{0BBA41C4-AD4A-42AD-B527-8F008972E086}.Release|Any CPU.Build.0 = Release|Any CPU
		{F8B4649F-9E54-2277-7CDD-D2FC532DB91F}.Debug|Any CPU.ActiveCfg = Debug|Any CPU
		{F8B4649F-9E54-2277-7CDD-D2FC532DB91F}.Debug|Any CPU.Build.0 = Debug|Any CPU
		{F8B4649F-9E54-2277-7CDD-D2FC532DB91F}.Release|Any CPU.ActiveCfg = Release|Any CPU
		{F8B4649F-9E54-2277-7CDD-D2FC532DB91F}.Release|Any CPU.Build.0 = Release|Any CPU
		{4061E95B-CEB9-3699-1BCD-5C51DC17ED9E}.Debug|Any CPU.ActiveCfg = Debug|Any CPU
		{4061E95B-CEB9-3699-1BCD-5C51DC17ED9E}.Debug|Any CPU.Build.0 = Debug|Any CPU
		{4061E95B-CEB9-3699-1BCD-5C51DC17ED9E}.Release|Any CPU.ActiveCfg = Release|Any CPU
		{4061E95B-CEB9-3699-1BCD-5C51DC17ED9E}.Release|Any CPU.Build.0 = Release|Any CPU
		{C14F6795-C4B0-B06E-CBF9-237BB786ED8D}.Debug|Any CPU.ActiveCfg = Debug|Any CPU
		{C14F6795-C4B0-B06E-CBF9-237BB786ED8D}.Debug|Any CPU.Build.0 = Debug|Any CPU
		{C14F6795-C4B0-B06E-CBF9-237BB786ED8D}.Release|Any CPU.ActiveCfg = Release|Any CPU
		{C14F6795-C4B0-B06E-CBF9-237BB786ED8D}.Release|Any CPU.Build.0 = Release|Any CPU
		{FAD13970-EC4B-7A09-0EC9-7BC78A1B7961}.Debug|Any CPU.ActiveCfg = Debug|Any CPU
		{FAD13970-EC4B-7A09-0EC9-7BC78A1B7961}.Debug|Any CPU.Build.0 = Debug|Any CPU
		{FAD13970-EC4B-7A09-0EC9-7BC78A1B7961}.Release|Any CPU.ActiveCfg = Release|Any CPU
		{FAD13970-EC4B-7A09-0EC9-7BC78A1B7961}.Release|Any CPU.Build.0 = Release|Any CPU
		{B427C6F1-2B03-AA6A-5DD8-26DC5F937B4F}.Debug|Any CPU.ActiveCfg = Debug|Any CPU
		{B427C6F1-2B03-AA6A-5DD8-26DC5F937B4F}.Debug|Any CPU.Build.0 = Debug|Any CPU
		{B427C6F1-2B03-AA6A-5DD8-26DC5F937B4F}.Release|Any CPU.ActiveCfg = Release|Any CPU
		{B427C6F1-2B03-AA6A-5DD8-26DC5F937B4F}.Release|Any CPU.Build.0 = Release|Any CPU
		{F3899643-F17C-64D9-8382-BA2502118DBF}.Debug|Any CPU.ActiveCfg = Debug|Any CPU
		{F3899643-F17C-64D9-8382-BA2502118DBF}.Debug|Any CPU.Build.0 = Debug|Any CPU
		{F3899643-F17C-64D9-8382-BA2502118DBF}.Release|Any CPU.ActiveCfg = Release|Any CPU
		{F3899643-F17C-64D9-8382-BA2502118DBF}.Release|Any CPU.Build.0 = Release|Any CPU
		{32456C25-AF95-DC7B-91AF-579A12851F42}.Debug|Any CPU.ActiveCfg = Debug|Any CPU
		{32456C25-AF95-DC7B-91AF-579A12851F42}.Debug|Any CPU.Build.0 = Debug|Any CPU
		{32456C25-AF95-DC7B-91AF-579A12851F42}.Release|Any CPU.ActiveCfg = Release|Any CPU
		{32456C25-AF95-DC7B-91AF-579A12851F42}.Release|Any CPU.Build.0 = Release|Any CPU
		{3E2F8DAF-B8F2-BF4A-C336-1BE6945E9AF9}.Debug|Any CPU.ActiveCfg = Debug|Any CPU
		{3E2F8DAF-B8F2-BF4A-C336-1BE6945E9AF9}.Debug|Any CPU.Build.0 = Debug|Any CPU
		{3E2F8DAF-B8F2-BF4A-C336-1BE6945E9AF9}.Release|Any CPU.ActiveCfg = Release|Any CPU
		{3E2F8DAF-B8F2-BF4A-C336-1BE6945E9AF9}.Release|Any CPU.Build.0 = Release|Any CPU
		{DC035766-A610-FDBC-5C7B-752102A5AA5C}.Debug|Any CPU.ActiveCfg = Debug|Any CPU
		{DC035766-A610-FDBC-5C7B-752102A5AA5C}.Debug|Any CPU.Build.0 = Debug|Any CPU
		{DC035766-A610-FDBC-5C7B-752102A5AA5C}.Release|Any CPU.ActiveCfg = Release|Any CPU
		{DC035766-A610-FDBC-5C7B-752102A5AA5C}.Release|Any CPU.Build.0 = Release|Any CPU
		{D9188C27-838B-01D0-157A-7F3FBA7E4D8D}.Debug|Any CPU.ActiveCfg = Debug|Any CPU
		{D9188C27-838B-01D0-157A-7F3FBA7E4D8D}.Debug|Any CPU.Build.0 = Debug|Any CPU
		{D9188C27-838B-01D0-157A-7F3FBA7E4D8D}.Release|Any CPU.ActiveCfg = Release|Any CPU
		{D9188C27-838B-01D0-157A-7F3FBA7E4D8D}.Release|Any CPU.Build.0 = Release|Any CPU
		{9578B608-7F98-4868-4D01-F18EE90416B7}.Debug|Any CPU.ActiveCfg = Debug|Any CPU
		{9578B608-7F98-4868-4D01-F18EE90416B7}.Debug|Any CPU.Build.0 = Debug|Any CPU
		{9578B608-7F98-4868-4D01-F18EE90416B7}.Release|Any CPU.ActiveCfg = Release|Any CPU
		{9578B608-7F98-4868-4D01-F18EE90416B7}.Release|Any CPU.Build.0 = Release|Any CPU
		{E09FCA85-1B45-A96B-444E-F2D691ABB12C}.Debug|Any CPU.ActiveCfg = Debug|Any CPU
		{E09FCA85-1B45-A96B-444E-F2D691ABB12C}.Debug|Any CPU.Build.0 = Debug|Any CPU
		{E09FCA85-1B45-A96B-444E-F2D691ABB12C}.Release|Any CPU.ActiveCfg = Release|Any CPU
		{E09FCA85-1B45-A96B-444E-F2D691ABB12C}.Release|Any CPU.Build.0 = Release|Any CPU
		{7ED95CAF-F1BE-0E14-D2A8-3889E5CCC8B5}.Debug|Any CPU.ActiveCfg = Debug|Any CPU
		{7ED95CAF-F1BE-0E14-D2A8-3889E5CCC8B5}.Debug|Any CPU.Build.0 = Debug|Any CPU
		{7ED95CAF-F1BE-0E14-D2A8-3889E5CCC8B5}.Release|Any CPU.ActiveCfg = Release|Any CPU
		{7ED95CAF-F1BE-0E14-D2A8-3889E5CCC8B5}.Release|Any CPU.Build.0 = Release|Any CPU
		{B303C07C-3518-3FF0-6120-262281FB6F02}.Debug|Any CPU.ActiveCfg = Debug|Any CPU
		{B303C07C-3518-3FF0-6120-262281FB6F02}.Debug|Any CPU.Build.0 = Debug|Any CPU
		{B303C07C-3518-3FF0-6120-262281FB6F02}.Release|Any CPU.ActiveCfg = Release|Any CPU
		{B303C07C-3518-3FF0-6120-262281FB6F02}.Release|Any CPU.Build.0 = Release|Any CPU
		{34762E1B-5877-809B-D8F6-FE7B3E104707}.Debug|Any CPU.ActiveCfg = Debug|Any CPU
		{34762E1B-5877-809B-D8F6-FE7B3E104707}.Debug|Any CPU.Build.0 = Debug|Any CPU
		{34762E1B-5877-809B-D8F6-FE7B3E104707}.Release|Any CPU.ActiveCfg = Release|Any CPU
		{34762E1B-5877-809B-D8F6-FE7B3E104707}.Release|Any CPU.Build.0 = Release|Any CPU
		{50D4B54E-2A55-9402-80BF-F7139EF6FF01}.Debug|Any CPU.ActiveCfg = Debug|Any CPU
		{50D4B54E-2A55-9402-80BF-F7139EF6FF01}.Debug|Any CPU.Build.0 = Debug|Any CPU
		{50D4B54E-2A55-9402-80BF-F7139EF6FF01}.Release|Any CPU.ActiveCfg = Release|Any CPU
		{50D4B54E-2A55-9402-80BF-F7139EF6FF01}.Release|Any CPU.Build.0 = Release|Any CPU
		{17A4BFE0-566B-65B5-37EC-81C3D5E1450F}.Debug|Any CPU.ActiveCfg = Debug|Any CPU
		{17A4BFE0-566B-65B5-37EC-81C3D5E1450F}.Debug|Any CPU.Build.0 = Debug|Any CPU
		{17A4BFE0-566B-65B5-37EC-81C3D5E1450F}.Release|Any CPU.ActiveCfg = Release|Any CPU
		{17A4BFE0-566B-65B5-37EC-81C3D5E1450F}.Release|Any CPU.Build.0 = Release|Any CPU
		{A4DC4A12-30F1-A8BB-BCAE-CAA760B72C25}.Debug|Any CPU.ActiveCfg = Debug|Any CPU
		{A4DC4A12-30F1-A8BB-BCAE-CAA760B72C25}.Debug|Any CPU.Build.0 = Debug|Any CPU
		{A4DC4A12-30F1-A8BB-BCAE-CAA760B72C25}.Release|Any CPU.ActiveCfg = Release|Any CPU
		{A4DC4A12-30F1-A8BB-BCAE-CAA760B72C25}.Release|Any CPU.Build.0 = Release|Any CPU
		{EC55F80C-EA13-9557-7B74-AB42D58D5720}.Debug|Any CPU.ActiveCfg = Debug|Any CPU
		{EC55F80C-EA13-9557-7B74-AB42D58D5720}.Debug|Any CPU.Build.0 = Debug|Any CPU
		{EC55F80C-EA13-9557-7B74-AB42D58D5720}.Release|Any CPU.ActiveCfg = Release|Any CPU
		{EC55F80C-EA13-9557-7B74-AB42D58D5720}.Release|Any CPU.Build.0 = Release|Any CPU
		{CEDD433E-D114-286D-1758-79CDAF3A6A76}.Debug|Any CPU.ActiveCfg = Debug|Any CPU
		{CEDD433E-D114-286D-1758-79CDAF3A6A76}.Debug|Any CPU.Build.0 = Debug|Any CPU
		{CEDD433E-D114-286D-1758-79CDAF3A6A76}.Release|Any CPU.ActiveCfg = Release|Any CPU
		{CEDD433E-D114-286D-1758-79CDAF3A6A76}.Release|Any CPU.Build.0 = Release|Any CPU
		{FF8393B6-289E-C183-47F7-4961F28418DF}.Debug|Any CPU.ActiveCfg = Debug|Any CPU
		{FF8393B6-289E-C183-47F7-4961F28418DF}.Debug|Any CPU.Build.0 = Debug|Any CPU
		{FF8393B6-289E-C183-47F7-4961F28418DF}.Release|Any CPU.ActiveCfg = Release|Any CPU
		{FF8393B6-289E-C183-47F7-4961F28418DF}.Release|Any CPU.Build.0 = Release|Any CPU
		{B0D0A4B3-210C-AE4C-7667-D4673AE60202}.Debug|Any CPU.ActiveCfg = Debug|Any CPU
		{B0D0A4B3-210C-AE4C-7667-D4673AE60202}.Debug|Any CPU.Build.0 = Debug|Any CPU
		{B0D0A4B3-210C-AE4C-7667-D4673AE60202}.Release|Any CPU.ActiveCfg = Release|Any CPU
		{B0D0A4B3-210C-AE4C-7667-D4673AE60202}.Release|Any CPU.Build.0 = Release|Any CPU
		{6C7515FD-8B6A-4517-5457-5A2FCD2F1C7E}.Debug|Any CPU.ActiveCfg = Debug|Any CPU
		{6C7515FD-8B6A-4517-5457-5A2FCD2F1C7E}.Debug|Any CPU.Build.0 = Debug|Any CPU
		{6C7515FD-8B6A-4517-5457-5A2FCD2F1C7E}.Release|Any CPU.ActiveCfg = Release|Any CPU
		{6C7515FD-8B6A-4517-5457-5A2FCD2F1C7E}.Release|Any CPU.Build.0 = Release|Any CPU
		{C309F7AB-5BCD-C424-FC8D-76AF4EF7E540}.Debug|Any CPU.ActiveCfg = Debug|Any CPU
		{C309F7AB-5BCD-C424-FC8D-76AF4EF7E540}.Debug|Any CPU.Build.0 = Debug|Any CPU
		{C309F7AB-5BCD-C424-FC8D-76AF4EF7E540}.Release|Any CPU.ActiveCfg = Release|Any CPU
		{C309F7AB-5BCD-C424-FC8D-76AF4EF7E540}.Release|Any CPU.Build.0 = Release|Any CPU
		{AE5ABFA7-6490-3FC6-F8BD-A7243EBD9E94}.Debug|Any CPU.ActiveCfg = Debug|Any CPU
		{AE5ABFA7-6490-3FC6-F8BD-A7243EBD9E94}.Debug|Any CPU.Build.0 = Debug|Any CPU
		{AE5ABFA7-6490-3FC6-F8BD-A7243EBD9E94}.Release|Any CPU.ActiveCfg = Release|Any CPU
		{AE5ABFA7-6490-3FC6-F8BD-A7243EBD9E94}.Release|Any CPU.Build.0 = Release|Any CPU
		{A7289873-D24E-3C61-1D66-70FBD83884B6}.Debug|Any CPU.ActiveCfg = Debug|Any CPU
		{A7289873-D24E-3C61-1D66-70FBD83884B6}.Debug|Any CPU.Build.0 = Debug|Any CPU
		{A7289873-D24E-3C61-1D66-70FBD83884B6}.Release|Any CPU.ActiveCfg = Release|Any CPU
		{A7289873-D24E-3C61-1D66-70FBD83884B6}.Release|Any CPU.Build.0 = Release|Any CPU
		{9591A4C1-A94D-88EB-682A-2FC0FFB7DC94}.Debug|Any CPU.ActiveCfg = Debug|Any CPU
		{9591A4C1-A94D-88EB-682A-2FC0FFB7DC94}.Debug|Any CPU.Build.0 = Debug|Any CPU
		{9591A4C1-A94D-88EB-682A-2FC0FFB7DC94}.Release|Any CPU.ActiveCfg = Release|Any CPU
		{9591A4C1-A94D-88EB-682A-2FC0FFB7DC94}.Release|Any CPU.Build.0 = Release|Any CPU
		{A08B8B9D-D10C-B324-2B26-CCC71BC2409C}.Debug|Any CPU.ActiveCfg = Debug|Any CPU
		{A08B8B9D-D10C-B324-2B26-CCC71BC2409C}.Debug|Any CPU.Build.0 = Debug|Any CPU
		{A08B8B9D-D10C-B324-2B26-CCC71BC2409C}.Release|Any CPU.ActiveCfg = Release|Any CPU
		{A08B8B9D-D10C-B324-2B26-CCC71BC2409C}.Release|Any CPU.Build.0 = Release|Any CPU
		{44AA80C2-4E59-31AE-453E-DA4BAAF54A72}.Debug|Any CPU.ActiveCfg = Debug|Any CPU
		{44AA80C2-4E59-31AE-453E-DA4BAAF54A72}.Debug|Any CPU.Build.0 = Debug|Any CPU
		{44AA80C2-4E59-31AE-453E-DA4BAAF54A72}.Release|Any CPU.ActiveCfg = Release|Any CPU
		{44AA80C2-4E59-31AE-453E-DA4BAAF54A72}.Release|Any CPU.Build.0 = Release|Any CPU
		{FA33B116-B86A-5D62-EB6A-18DE754E7967}.Debug|Any CPU.ActiveCfg = Debug|Any CPU
		{FA33B116-B86A-5D62-EB6A-18DE754E7967}.Debug|Any CPU.Build.0 = Debug|Any CPU
		{FA33B116-B86A-5D62-EB6A-18DE754E7967}.Release|Any CPU.ActiveCfg = Release|Any CPU
		{FA33B116-B86A-5D62-EB6A-18DE754E7967}.Release|Any CPU.Build.0 = Release|Any CPU
		{68500A58-8F61-EA0B-7F4B-5E78F3ECF244}.Debug|Any CPU.ActiveCfg = Debug|Any CPU
		{68500A58-8F61-EA0B-7F4B-5E78F3ECF244}.Debug|Any CPU.Build.0 = Debug|Any CPU
		{68500A58-8F61-EA0B-7F4B-5E78F3ECF244}.Release|Any CPU.ActiveCfg = Release|Any CPU
		{68500A58-8F61-EA0B-7F4B-5E78F3ECF244}.Release|Any CPU.Build.0 = Release|Any CPU
		{2A607C96-D6A2-0B25-554F-33D8C7317013}.Debug|Any CPU.ActiveCfg = Debug|Any CPU
		{2A607C96-D6A2-0B25-554F-33D8C7317013}.Debug|Any CPU.Build.0 = Debug|Any CPU
		{2A607C96-D6A2-0B25-554F-33D8C7317013}.Release|Any CPU.ActiveCfg = Release|Any CPU
		{2A607C96-D6A2-0B25-554F-33D8C7317013}.Release|Any CPU.Build.0 = Release|Any CPU
		{CAFE17F3-E74B-5BFF-EBB1-7154D42D7A54}.Debug|Any CPU.ActiveCfg = Debug|Any CPU
		{CAFE17F3-E74B-5BFF-EBB1-7154D42D7A54}.Debug|Any CPU.Build.0 = Debug|Any CPU
		{CAFE17F3-E74B-5BFF-EBB1-7154D42D7A54}.Release|Any CPU.ActiveCfg = Release|Any CPU
		{CAFE17F3-E74B-5BFF-EBB1-7154D42D7A54}.Release|Any CPU.Build.0 = Release|Any CPU
		{62B246FA-3E5E-7577-72EA-3F6D08570A36}.Debug|Any CPU.ActiveCfg = Debug|Any CPU
		{62B246FA-3E5E-7577-72EA-3F6D08570A36}.Debug|Any CPU.Build.0 = Debug|Any CPU
		{62B246FA-3E5E-7577-72EA-3F6D08570A36}.Release|Any CPU.ActiveCfg = Release|Any CPU
		{62B246FA-3E5E-7577-72EA-3F6D08570A36}.Release|Any CPU.Build.0 = Release|Any CPU
		{3DE915E9-A451-C419-F778-08136A9A9755}.Debug|Any CPU.ActiveCfg = Debug|Any CPU
		{3DE915E9-A451-C419-F778-08136A9A9755}.Debug|Any CPU.Build.0 = Debug|Any CPU
		{3DE915E9-A451-C419-F778-08136A9A9755}.Release|Any CPU.ActiveCfg = Release|Any CPU
		{3DE915E9-A451-C419-F778-08136A9A9755}.Release|Any CPU.Build.0 = Release|Any CPU
		{9872E5A1-38E7-59A0-9074-6CB68D3B9C34}.Debug|Any CPU.ActiveCfg = Debug|Any CPU
		{9872E5A1-38E7-59A0-9074-6CB68D3B9C34}.Debug|Any CPU.Build.0 = Debug|Any CPU
		{9872E5A1-38E7-59A0-9074-6CB68D3B9C34}.Release|Any CPU.ActiveCfg = Release|Any CPU
		{9872E5A1-38E7-59A0-9074-6CB68D3B9C34}.Release|Any CPU.Build.0 = Release|Any CPU
		{168389E3-64EC-98D1-302B-E081EF558B8A}.Debug|Any CPU.ActiveCfg = Debug|Any CPU
		{168389E3-64EC-98D1-302B-E081EF558B8A}.Debug|Any CPU.Build.0 = Debug|Any CPU
		{168389E3-64EC-98D1-302B-E081EF558B8A}.Release|Any CPU.ActiveCfg = Release|Any CPU
		{168389E3-64EC-98D1-302B-E081EF558B8A}.Release|Any CPU.Build.0 = Release|Any CPU
		{6715BEAC-828C-8E52-9C02-262AC82608C4}.Debug|Any CPU.ActiveCfg = Debug|Any CPU
		{6715BEAC-828C-8E52-9C02-262AC82608C4}.Debug|Any CPU.Build.0 = Debug|Any CPU
		{6715BEAC-828C-8E52-9C02-262AC82608C4}.Release|Any CPU.ActiveCfg = Release|Any CPU
		{6715BEAC-828C-8E52-9C02-262AC82608C4}.Release|Any CPU.Build.0 = Release|Any CPU
		{E40D2618-3349-0750-E1CE-9B46EC145B8A}.Debug|Any CPU.ActiveCfg = Debug|Any CPU
		{E40D2618-3349-0750-E1CE-9B46EC145B8A}.Debug|Any CPU.Build.0 = Debug|Any CPU
		{E40D2618-3349-0750-E1CE-9B46EC145B8A}.Release|Any CPU.ActiveCfg = Release|Any CPU
		{E40D2618-3349-0750-E1CE-9B46EC145B8A}.Release|Any CPU.Build.0 = Release|Any CPU
		{9D87F9F4-9E4E-4160-4074-35F08C0A859D}.Debug|Any CPU.ActiveCfg = Debug|Any CPU
		{9D87F9F4-9E4E-4160-4074-35F08C0A859D}.Debug|Any CPU.Build.0 = Debug|Any CPU
		{9D87F9F4-9E4E-4160-4074-35F08C0A859D}.Release|Any CPU.ActiveCfg = Release|Any CPU
		{9D87F9F4-9E4E-4160-4074-35F08C0A859D}.Release|Any CPU.Build.0 = Release|Any CPU
		{C3A3872D-B90E-7D23-AB53-4C56D807498C}.Debug|Any CPU.ActiveCfg = Debug|Any CPU
		{C3A3872D-B90E-7D23-AB53-4C56D807498C}.Debug|Any CPU.Build.0 = Debug|Any CPU
		{C3A3872D-B90E-7D23-AB53-4C56D807498C}.Release|Any CPU.ActiveCfg = Release|Any CPU
		{C3A3872D-B90E-7D23-AB53-4C56D807498C}.Release|Any CPU.Build.0 = Release|Any CPU
		{D468DD7B-E173-E62A-7360-5E4AD0F13BAF}.Debug|Any CPU.ActiveCfg = Debug|Any CPU
		{D468DD7B-E173-E62A-7360-5E4AD0F13BAF}.Debug|Any CPU.Build.0 = Debug|Any CPU
		{D468DD7B-E173-E62A-7360-5E4AD0F13BAF}.Release|Any CPU.ActiveCfg = Release|Any CPU
		{D468DD7B-E173-E62A-7360-5E4AD0F13BAF}.Release|Any CPU.Build.0 = Release|Any CPU
		{880AF247-DB44-73BF-EC59-34B575EA3B4D}.Debug|Any CPU.ActiveCfg = Debug|Any CPU
		{880AF247-DB44-73BF-EC59-34B575EA3B4D}.Debug|Any CPU.Build.0 = Debug|Any CPU
		{880AF247-DB44-73BF-EC59-34B575EA3B4D}.Release|Any CPU.ActiveCfg = Release|Any CPU
		{880AF247-DB44-73BF-EC59-34B575EA3B4D}.Release|Any CPU.Build.0 = Release|Any CPU
		{DA963EF1-8D4F-E1D8-B26D-13073AD19EA0}.Debug|Any CPU.ActiveCfg = Debug|Any CPU
		{DA963EF1-8D4F-E1D8-B26D-13073AD19EA0}.Debug|Any CPU.Build.0 = Debug|Any CPU
		{DA963EF1-8D4F-E1D8-B26D-13073AD19EA0}.Release|Any CPU.ActiveCfg = Release|Any CPU
		{DA963EF1-8D4F-E1D8-B26D-13073AD19EA0}.Release|Any CPU.Build.0 = Release|Any CPU
		{700117CD-FA32-CD66-0C68-6474F7C7F47F}.Debug|Any CPU.ActiveCfg = Debug|Any CPU
		{700117CD-FA32-CD66-0C68-6474F7C7F47F}.Debug|Any CPU.Build.0 = Debug|Any CPU
		{700117CD-FA32-CD66-0C68-6474F7C7F47F}.Release|Any CPU.ActiveCfg = Release|Any CPU
		{700117CD-FA32-CD66-0C68-6474F7C7F47F}.Release|Any CPU.Build.0 = Release|Any CPU
		{1F18ADC3-44DB-BFB7-8E1A-B5D115F45FE4}.Debug|Any CPU.ActiveCfg = Debug|Any CPU
		{1F18ADC3-44DB-BFB7-8E1A-B5D115F45FE4}.Debug|Any CPU.Build.0 = Debug|Any CPU
		{1F18ADC3-44DB-BFB7-8E1A-B5D115F45FE4}.Release|Any CPU.ActiveCfg = Release|Any CPU
		{1F18ADC3-44DB-BFB7-8E1A-B5D115F45FE4}.Release|Any CPU.Build.0 = Release|Any CPU
		{7DD53164-1BAC-B360-0EFB-2C3A357E0981}.Debug|Any CPU.ActiveCfg = Debug|Any CPU
		{7DD53164-1BAC-B360-0EFB-2C3A357E0981}.Debug|Any CPU.Build.0 = Debug|Any CPU
		{7DD53164-1BAC-B360-0EFB-2C3A357E0981}.Release|Any CPU.ActiveCfg = Release|Any CPU
		{7DD53164-1BAC-B360-0EFB-2C3A357E0981}.Release|Any CPU.Build.0 = Release|Any CPU
		{6B1C53EC-A4CC-D1A4-AE8E-E82F6C7B483B}.Debug|Any CPU.ActiveCfg = Debug|Any CPU
		{6B1C53EC-A4CC-D1A4-AE8E-E82F6C7B483B}.Debug|Any CPU.Build.0 = Debug|Any CPU
		{6B1C53EC-A4CC-D1A4-AE8E-E82F6C7B483B}.Release|Any CPU.ActiveCfg = Release|Any CPU
		{6B1C53EC-A4CC-D1A4-AE8E-E82F6C7B483B}.Release|Any CPU.Build.0 = Release|Any CPU
		{8F5B6CA8-6BEF-AA80-3EDD-D740349ED594}.Debug|Any CPU.ActiveCfg = Debug|Any CPU
		{8F5B6CA8-6BEF-AA80-3EDD-D740349ED594}.Debug|Any CPU.Build.0 = Debug|Any CPU
		{8F5B6CA8-6BEF-AA80-3EDD-D740349ED594}.Release|Any CPU.ActiveCfg = Release|Any CPU
		{8F5B6CA8-6BEF-AA80-3EDD-D740349ED594}.Release|Any CPU.Build.0 = Release|Any CPU
		{2DA20D47-E4E9-C929-A0F6-DF2555411C3D}.Debug|Any CPU.ActiveCfg = Debug|Any CPU
		{2DA20D47-E4E9-C929-A0F6-DF2555411C3D}.Debug|Any CPU.Build.0 = Debug|Any CPU
		{2DA20D47-E4E9-C929-A0F6-DF2555411C3D}.Release|Any CPU.ActiveCfg = Release|Any CPU
		{2DA20D47-E4E9-C929-A0F6-DF2555411C3D}.Release|Any CPU.Build.0 = Release|Any CPU
	EndGlobalSection
	GlobalSection(SolutionProperties) = preSolution
		HideSolutionNode = FALSE
	EndGlobalSection
EndGlobal
